
Microsoft Visual Studio Solution File, Format Version 12.00
# Visual Studio 14
VisualStudioVersion = 14.0.25420.1
MinimumVisualStudioVersion = 10.0.40219.1
Project("{8BC9CEB8-8B4A-11D0-8D11-00A0C91BC942}") = "UpdateTestApp", "UpdateTestApp\UpdateTestApp.vcxproj", "{A3F04913-1E90-4B61-B368-95662A46D06A}"
	ProjectSection(ProjectDependencies) = postProject
		{725E262C-030E-405C-B1CB-47F161472E8C} = {725E262C-030E-405C-B1CB-47F161472E8C}
	EndProjectSection
EndProject
Project("{FAE04EC0-301F-11D3-BF4B-00C04F79EFBC}") = "CSharpDll", "CSharpDll\CSharpDll.csproj", "{725E262C-030E-405C-B1CB-47F161472E8C}"
EndProject
Project("{2150E333-8FDC-42A3-9474-1A3956D46DE8}") = "Solution Items", "Solution Items", "{6F090DD6-8BB6-4202-A234-B9604306AD8C}"
	ProjectSection(SolutionItems) = preProject
		install.go = install.go
	EndProjectSection
EndProject
Project("{930C7802-8A8C-48F9-8165-68863BCCD9DD}") = "SetupProject1", "SetupProject1\SetupProject1.wixproj", "{F494FED4-02E1-47EF-9CB3-E02BD70D0A94}"
EndProject
Global
	GlobalSection(SolutionConfigurationPlatforms) = preSolution
		Debug|Any CPU = Debug|Any CPU
		Debug|ARM = Debug|ARM
		Debug|x64 = Debug|x64
		Debug|x86 = Debug|x86
		Release|Any CPU = Release|Any CPU
		Release|ARM = Release|ARM
		Release|x64 = Release|x64
		Release|x86 = Release|x86
	EndGlobalSection
	GlobalSection(ProjectConfigurationPlatforms) = postSolution
		{A3F04913-1E90-4B61-B368-95662A46D06A}.Debug|Any CPU.ActiveCfg = Debug|Win32
		{A3F04913-1E90-4B61-B368-95662A46D06A}.Debug|Any CPU.Build.0 = Debug|Win32
		{A3F04913-1E90-4B61-B368-95662A46D06A}.Debug|ARM.ActiveCfg = Debug|Win32
		{A3F04913-1E90-4B61-B368-95662A46D06A}.Debug|x64.ActiveCfg = Debug|x64
		{A3F04913-1E90-4B61-B368-95662A46D06A}.Debug|x64.Build.0 = Debug|x64
		{A3F04913-1E90-4B61-B368-95662A46D06A}.Debug|x86.ActiveCfg = Debug|Win32
		{A3F04913-1E90-4B61-B368-95662A46D06A}.Debug|x86.Build.0 = Debug|Win32
		{A3F04913-1E90-4B61-B368-95662A46D06A}.Release|Any CPU.ActiveCfg = Release|Win32
		{A3F04913-1E90-4B61-B368-95662A46D06A}.Release|Any CPU.Build.0 = Release|Win32
		{A3F04913-1E90-4B61-B368-95662A46D06A}.Release|ARM.ActiveCfg = Release|Win32
		{A3F04913-1E90-4B61-B368-95662A46D06A}.Release|x64.ActiveCfg = Release|x64
		{A3F04913-1E90-4B61-B368-95662A46D06A}.Release|x64.Build.0 = Release|x64
		{A3F04913-1E90-4B61-B368-95662A46D06A}.Release|x86.ActiveCfg = Release|Win32
		{A3F04913-1E90-4B61-B368-95662A46D06A}.Release|x86.Build.0 = Release|Win32
		{725E262C-030E-405C-B1CB-47F161472E8C}.Debug|Any CPU.ActiveCfg = Debug|Any CPU
		{725E262C-030E-405C-B1CB-47F161472E8C}.Debug|Any CPU.Build.0 = Debug|Any CPU
		{725E262C-030E-405C-B1CB-47F161472E8C}.Debug|ARM.ActiveCfg = Debug|Any CPU
		{725E262C-030E-405C-B1CB-47F161472E8C}.Debug|ARM.Build.0 = Debug|Any CPU
		{725E262C-030E-405C-B1CB-47F161472E8C}.Debug|x64.ActiveCfg = Debug|Any CPU
		{725E262C-030E-405C-B1CB-47F161472E8C}.Debug|x64.Build.0 = Debug|Any CPU
		{725E262C-030E-405C-B1CB-47F161472E8C}.Debug|x86.ActiveCfg = Debug|Any CPU
		{725E262C-030E-405C-B1CB-47F161472E8C}.Debug|x86.Build.0 = Debug|Any CPU
		{725E262C-030E-405C-B1CB-47F161472E8C}.Release|Any CPU.ActiveCfg = Release|Any CPU
		{725E262C-030E-405C-B1CB-47F161472E8C}.Release|Any CPU.Build.0 = Release|Any CPU
		{725E262C-030E-405C-B1CB-47F161472E8C}.Release|ARM.ActiveCfg = Release|Any CPU
		{725E262C-030E-405C-B1CB-47F161472E8C}.Release|ARM.Build.0 = Release|Any CPU
		{725E262C-030E-405C-B1CB-47F161472E8C}.Release|x64.ActiveCfg = Release|Any CPU
		{725E262C-030E-405C-B1CB-47F161472E8C}.Release|x64.Build.0 = Release|Any CPU
		{725E262C-030E-405C-B1CB-47F161472E8C}.Release|x86.ActiveCfg = Release|Any CPU
		{725E262C-030E-405C-B1CB-47F161472E8C}.Release|x86.Build.0 = Release|Any CPU
		{F494FED4-02E1-47EF-9CB3-E02BD70D0A94}.Debug|Any CPU.ActiveCfg = Debug|x86
		{F494FED4-02E1-47EF-9CB3-E02BD70D0A94}.Debug|ARM.ActiveCfg = Debug|x86
		{F494FED4-02E1-47EF-9CB3-E02BD70D0A94}.Debug|x64.ActiveCfg = Debug|x86
		{F494FED4-02E1-47EF-9CB3-E02BD70D0A94}.Debug|x86.ActiveCfg = Debug|x86
		{F494FED4-02E1-47EF-9CB3-E02BD70D0A94}.Debug|x86.Build.0 = Debug|x86
		{F494FED4-02E1-47EF-9CB3-E02BD70D0A94}.Release|Any CPU.ActiveCfg = Release|x86
		{F494FED4-02E1-47EF-9CB3-E02BD70D0A94}.Release|ARM.ActiveCfg = Release|x86
		{F494FED4-02E1-47EF-9CB3-E02BD70D0A94}.Release|x64.ActiveCfg = Release|x86
		{F494FED4-02E1-47EF-9CB3-E02BD70D0A94}.Release|x86.ActiveCfg = Release|x86
		{F494FED4-02E1-47EF-9CB3-E02BD70D0A94}.Release|x86.Build.0 = Release|x86
	EndGlobalSection
	GlobalSection(SolutionProperties) = preSolution
		HideSolutionNode = FALSE
	EndGlobalSection
	GlobalSection(ExtensibilityGlobals) = postSolution
		SolutionGuid = {9F877669-3051-4170-8E0E-20408C8F1601}
	EndGlobalSection
EndGlobal
